# This file is generated automatically by Poetry.
# It must not be edited manually.

[[package]]
category = "main"
dependencies = { python = "^3.13" }
description = ""
develop = false
name = "autorepo"
optional = false
python-versions = "^3.13"
version = "0.1.0"

[metadata]
content-hash = "7a90f76568f50162472f53166619556bc92d87d793368727f467279470069c86"
lock-version = "1.1"

[metadata.hashes]
AutoRepoUpdater = []
PyQt6 = []
PyQt6-Qt6 = []
cerberus = []
gitdb = []
gitpython = []
packaging = []
platformdirs = []
pyparsing = []
pytest = []
pywin32 = []
smmap = []
toml = []
typing-extensions = []
win10toast = []

[packages]
AutoRepoUpdater = { path = "AutomaticRepoUpdater", version = "0.1.0" }
PyQt6 = { extras = ["qt6"], version = "^6.6.0" }
PyQt6-Qt6 = { markers = "sys_platform != \"win32\" and extra == \"qt6\"", version = "^6.6.0.1" }
cerberus = { version = "^1.3.4" }
gitdb = { version = "^4.0.10" }
gitpython = { version = "^3.1.32" }
packaging = { version = "^23.1" }
platformdirs = { version = "^3.10.0" }
pyparsing = { version = "^3.1.1" }
pytest = { version = "^8.3.3" }
pywin32 = { version = "^406" }
smmap = { version = "^5.0.0" }
toml = { version = "^0.10.2" }
typing-extensions = { version = "^4.8.0" }
win10toast = { version = "^0.9" }

[source]
default = "pypi"
name = "pypi"
url = "https://pypi.org/simple/"
verify_ssl = true
